
Microsoft Visual Studio Solution File, Format Version 12.00
# Visual Studio Version 16
VisualStudioVersion = 16.0.30011.22
MinimumVisualStudioVersion = 10.0.40219.1
Project("{FAE04EC0-301F-11D3-BF4B-00C04F79EFBC}") = "MoviesApp", "MoviesApp\MoviesApp.csproj", "{274A0393-D5F1-4E19-B653-0B784C931A27}"
EndProject
Global
	GlobalSection(SolutionConfigurationPlatforms) = preSolution
		Debug|Any CPU = Debug|Any CPU
		Release|Any CPU = Release|Any CPU
	EndGlobalSection
	GlobalSection(ProjectConfigurationPlatforms) = postSolution
		{274A0393-D5F1-4E19-B653-0B784C931A27}.Debug|Any CPU.ActiveCfg = Debug|Any CPU
		{274A0393-D5F1-4E19-B653-0B784C931A27}.Debug|Any CPU.Build.0 = Debug|Any CPU
		{274A0393-D5F1-4E19-B653-0B784C931A27}.Release|Any CPU.ActiveCfg = Release|Any CPU
		{274A0393-D5F1-4E19-B653-0B784C931A27}.Release|Any CPU.Build.0 = Release|Any CPU
	EndGlobalSection
	GlobalSection(SolutionProperties) = preSolution
		HideSolutionNode = FALSE
	EndGlobalSection
	GlobalSection(ExtensibilityGlobals) = postSolution
		SolutionGuid = {DBDA98F7-33CC-4D1A-B98C-A60059F34706}
	EndGlobalSection
EndGlobal
